{
  "lockfileVersion": 1,
  "configVersion": 1,
  "workspaces": {
    "": {
      "name": "dither_booth",
      "devDependencies": {
        "oxfmt": "0.41.0",
        "oxlint": "1.56.0",
        "prettier": "3.7.4",
        "turbo": "2.8.20",
        "typescript": "5.9.2",
      },
    },
    "apps/api": {
      "name": "api",
      "dependencies": {
        "@node-escpos/core": "^0.6.0",
        "@node-escpos/usb-adapter": "^0.3.1",
        "@trpc/server": "^11.13.4",
      },
      "devDependencies": {
        "@types/bun": "latest",
      },
      "peerDependencies": {
        "typescript": "^5",
      },
    },
    "apps/web": {
      "name": "web",
      "version": "0.1.0",
      "dependencies": {
        "@trpc/client": "^11.13.4",
        "bun-plugin-tailwind": "0.1.2",
        "react": "19.2.4",
        "react-dom": "19.2.4",
        "tailwindcss": "4.2.2",
      },
      "devDependencies": {
        "@types/bun": "1.3.11",
        "@types/react": "19.2.14",
        "@types/react-dom": "19.2.3",
      },
    },
  },
  "packages": {
    "@node-escpos/adapter": ["@node-escpos/adapter@0.0.1", "", { "dependencies": { "eventemitter3": "^4.0.7" } }, "sha512-I1RT6GjwxkzqCZBJ27XVDvSwPEzpP4aPJfjWCym5LY2Zj1o+fSXcIOMnR/U5cp4FZTFfERFcQpkDvMAHu+qnHA=="],

    "@node-escpos/core": ["@node-escpos/core@0.6.0", "", { "dependencies": { "@node-escpos/adapter": "0.0.1", "@types/ndarray": "^1.0.11", "@types/qr-image": "^3.2.4", "eventemitter3": "^4.0.7", "get-pixels": "*", "iconv-lite": "*", "mutable-buffer": "^2.0.3", "ndarray": "^1.0.19", "qr-image": "*" } }, "sha512-6JccIYy0o5epBcLE9GcxT19YTL4ydQeP3TPj3grsFjHmGZ+D6whwXtGZ5VosW6PbU01dXtxJG2IotPtZPLWTqA=="],

    "@node-escpos/usb-adapter": ["@node-escpos/usb-adapter@0.3.1", "", { "dependencies": { "@node-escpos/adapter": "0.0.1", "usb": "*" } }, "sha512-n1e3k73nN6RJAmbRNSrVD3zjlkFvDiXB9u2UsH4V2UxSqU4FFbBO6zn3aVMFJU/SAoIa5GWZqBnRvaH/Q9DAZw=="],

    "@oven/bun-darwin-aarch64": ["@oven/bun-darwin-aarch64@1.3.11", "", { "os": "darwin", "cpu": "arm64" }, "sha512-/8IzqSu4/OWGRs7Fs2ROzGVwJMFTBQkgAp6sAthkBYoN7OiM4rY/CpPVs2X9w9N1W61CHSkEdNKi8HrLZKfK3g=="],

    "@oven/bun-darwin-x64": ["@oven/bun-darwin-x64@1.3.11", "", { "os": "darwin", "cpu": "x64" }, "sha512-TT7eUihnAzxM2tlZesusuC75PAOYKvUBgVU/Nm/lakZ/DpyuqhNkzUfcxSgmmK9IjVWzMmezLIGZl16XGCGJng=="],

    "@oven/bun-darwin-x64-baseline": ["@oven/bun-darwin-x64-baseline@1.3.11", "", { "os": "darwin", "cpu": "x64" }, "sha512-CYjIHWaQG7T4phfjErHr6BiXRs0K/9DqMeiohJmuYSBF+H2m56vFslOenLCguGYQL9jeiiCZBeoVCpwjxZrMgQ=="],

    "@oven/bun-linux-aarch64": ["@oven/bun-linux-aarch64@1.3.11", "", { "os": "linux", "cpu": "arm64" }, "sha512-8XMLyRNxHF4jfLajkWt+F8UDxsWbzysyxQVMZKUXwoeGvaxB0rVd07r3YbgDtG8U6khhRFM3oaGp+CQ0whwmdA=="],

    "@oven/bun-linux-aarch64-musl": ["@oven/bun-linux-aarch64-musl@1.3.11", "", { "os": "linux", "cpu": "arm64" }, "sha512-jBwYCLG5Eb+PqtFrc3Wp2WMYlw1Id75gUcsdP+ApCOpf5oQhHxkFWCjZmcDoioDmEhMWAiM3wtwSrTlPg+sI6Q=="],

    "@oven/bun-linux-x64": ["@oven/bun-linux-x64@1.3.11", "", { "os": "linux", "cpu": "x64" }, "sha512-z3GFCk1UBzDOOiEBHL32lVP7Edi26BhOjKb6bIc0nRyabbRiyON4++GR0zmd/H5zM5S0+UcXFgCGnD+b8avTLw=="],

    "@oven/bun-linux-x64-baseline": ["@oven/bun-linux-x64-baseline@1.3.11", "", { "os": "linux", "cpu": "x64" }, "sha512-KZlf1jKtf4jai8xiQv/0XRjxVVhHnw/HtUKtLdOeQpTOQ1fQFhLoz2FGGtVRd0LVa/yiRbSz9HlWIzWlmJClng=="],

    "@oven/bun-linux-x64-musl": ["@oven/bun-linux-x64-musl@1.3.11", "", { "os": "linux", "cpu": "x64" }, "sha512-ADImD4yCHNpqZu718E2chWcCaAHvua90yhmpzzV6fF4zOhwkGGbPCgUWmKyJ83uz+DXaPdYxX0ttDvtolrzx3Q=="],

    "@oven/bun-linux-x64-musl-baseline": ["@oven/bun-linux-x64-musl-baseline@1.3.11", "", { "os": "linux", "cpu": "x64" }, "sha512-J+qz4Al05PrNIOdj7xsWVTyx0c/gjUauG5nKV3Rrx0Q+5JO+1pPVlnfNmWbOF9pKG4f3IGad8KXJUfGMORld+Q=="],

    "@oven/bun-windows-aarch64": ["@oven/bun-windows-aarch64@1.3.11", "", { "os": "win32", "cpu": "arm64" }, "sha512-UOdkwScHRkGPz+n9ZJU7sTkTvqV7rD1SLCLaru1xH8WRsV7tDorPqNCzEN1msOIiPRK825nvAtEm9UsomO1GsA=="],

    "@oven/bun-windows-x64": ["@oven/bun-windows-x64@1.3.11", "", { "os": "win32", "cpu": "x64" }, "sha512-E51tyWDP1l0CbjZYhiUxhDGPaY8Hf5YBREx0PHBff1LM1/q3qsJ6ZvRUa8YbbOO0Ax9QP6GHjD9vf3n6bXZ7QA=="],

    "@oven/bun-windows-x64-baseline": ["@oven/bun-windows-x64-baseline@1.3.11", "", { "os": "win32", "cpu": "x64" }, "sha512-cCsXK9AQ9Zf18QlVnbrFu2IKfr4sf2sfbErkF2jfCzyCO9Bnhl0KRx63zlN+Ni1xU7gcBLAssgcui5R400N2eA=="],

    "@oxfmt/binding-android-arm-eabi": ["@oxfmt/binding-android-arm-eabi@0.41.0", "", { "os": "android", "cpu": "arm" }, "sha512-REfrqeMKGkfMP+m/ScX4f5jJBSmVNYcpoDF8vP8f8eYPDuPGZmzp56NIUsYmx3h7f6NzC6cE3gqh8GDWrJHCKw=="],

    "@oxfmt/binding-android-arm64": ["@oxfmt/binding-android-arm64@0.41.0", "", { "os": "android", "cpu": "arm64" }, "sha512-s0b1dxNgb2KomspFV2LfogC2XtSJB42POXF4bMCLJyvQmAGos4ZtjGPfQreToQEaY0FQFjz3030ggI36rF1q5g=="],

    "@oxfmt/binding-darwin-arm64": ["@oxfmt/binding-darwin-arm64@0.41.0", "", { "os": "darwin", "cpu": "arm64" }, "sha512-EGXGualADbv/ZmamE7/2DbsrYmjoPlAmHEpTL4vapLF4EfVD6fr8/uQDFnPJkUBjiSWFJZtFNsGeN1B6V3owmA=="],

    "@oxfmt/binding-darwin-x64": ["@oxfmt/binding-darwin-x64@0.41.0", "", { "os": "darwin", "cpu": "x64" }, "sha512-WxySJEvdQQYMmyvISH3qDpTvoS0ebnIP63IMxLLWowJyPp/AAH0hdWtlo+iGNK5y3eVfa5jZguwNaQkDKWpGSw=="],

    "@oxfmt/binding-freebsd-x64": ["@oxfmt/binding-freebsd-x64@0.41.0", "", { "os": "freebsd", "cpu": "x64" }, "sha512-Y2kzMkv3U3oyuYaR4wTfGjOTYTXiFC/hXmG0yVASKkbh02BJkvD98Ij8bIevr45hNZ0DmZEgqiXF+9buD4yMYQ=="],

    "@oxfmt/binding-linux-arm-gnueabihf": ["@oxfmt/binding-linux-arm-gnueabihf@0.41.0", "", { "os": "linux", "cpu": "arm" }, "sha512-ptazDjdUyhket01IjPTT6ULS1KFuBfTUU97osTP96X5y/0oso+AgAaJzuH81oP0+XXyrWIHbRzozSAuQm4p48g=="],

    "@oxfmt/binding-linux-arm-musleabihf": ["@oxfmt/binding-linux-arm-musleabihf@0.41.0", "", { "os": "linux", "cpu": "arm" }, "sha512-UkoL2OKxFD+56bPEBcdGn+4juTW4HRv/T6w1dIDLnvKKWr6DbarB/mtHXlADKlFiJubJz8pRkttOR7qjYR6lTA=="],

    "@oxfmt/binding-linux-arm64-gnu": ["@oxfmt/binding-linux-arm64-gnu@0.41.0", "", { "os": "linux", "cpu": "arm64" }, "sha512-gofu0PuumSOHYczD8p62CPY4UF6ee+rSLZJdUXkpwxg6pILiwSDBIouPskjF/5nF3A7QZTz2O9KFNkNxxFN9tA=="],

    "@oxfmt/binding-linux-arm64-musl": ["@oxfmt/binding-linux-arm64-musl@0.41.0", "", { "os": "linux", "cpu": "arm64" }, "sha512-VfVZxL0+6RU86T8F8vKiDBa+iHsr8PAjQmKGBzSCAX70b6x+UOMFl+2dNihmKmUwqkCazCPfYjt6SuAPOeQJ3g=="],

    "@oxfmt/binding-linux-ppc64-gnu": ["@oxfmt/binding-linux-ppc64-gnu@0.41.0", "", { "os": "linux", "cpu": "ppc64" }, "sha512-bwzokz2eGvdfJbc0i+zXMJ4BBjQPqg13jyWpEEZDOrBCQ91r8KeY2Mi2kUeuMTZNFXju+jcAbAbpyJxRGla0eg=="],

    "@oxfmt/binding-linux-riscv64-gnu": ["@oxfmt/binding-linux-riscv64-gnu@0.41.0", "", { "os": "linux", "cpu": "none" }, "sha512-POLM//PCH9uqDeNDwWL3b3DkMmI3oI2cU6hwc2lnztD1o7dzrQs3R9nq555BZ6wI7t2lyhT9CS+CRaz5X0XqLA=="],

    "@oxfmt/binding-linux-riscv64-musl": ["@oxfmt/binding-linux-riscv64-musl@0.41.0", "", { "os": "linux", "cpu": "none" }, "sha512-NNK7PzhFqLUwx/G12Xtm6scGv7UITvyGdAR5Y+TlqsG+essnuRWR4jRNODWRjzLZod0T3SayRbnkSIWMBov33w=="],

    "@oxfmt/binding-linux-s390x-gnu": ["@oxfmt/binding-linux-s390x-gnu@0.41.0", "", { "os": "linux", "cpu": "s390x" }, "sha512-qVf/zDC5cN9eKe4qI/O/m445er1IRl6swsSl7jHkqmOSVfknwCe5JXitYjZca+V/cNJSU/xPlC5EFMabMMFDpw=="],

    "@oxfmt/binding-linux-x64-gnu": ["@oxfmt/binding-linux-x64-gnu@0.41.0", "", { "os": "linux", "cpu": "x64" }, "sha512-ojxYWu7vUb6ysYqVCPHuAPVZHAI40gfZ0PDtZAMwVmh2f0V8ExpPIKoAKr7/8sNbAXJBBpZhs2coypIo2jJX4w=="],

    "@oxfmt/binding-linux-x64-musl": ["@oxfmt/binding-linux-x64-musl@0.41.0", "", { "os": "linux", "cpu": "x64" }, "sha512-O2exZLBxoCMIv2vlvcbkdedazJPTdG0VSup+0QUCfYQtx751zCZNboX2ZUOiQ/gDTdhtXvSiot0h6GEGkOyalA=="],

    "@oxfmt/binding-openharmony-arm64": ["@oxfmt/binding-openharmony-arm64@0.41.0", "", { "os": "none", "cpu": "arm64" }, "sha512-N+31/VoL+z+NNBt8viy3I4NaIdPbiYeOnB884LKqvXldaE2dRztdPv3q5ipfZYv0RwFp7JfqS4I27K/DSHCakg=="],

    "@oxfmt/binding-win32-arm64-msvc": ["@oxfmt/binding-win32-arm64-msvc@0.41.0", "", { "os": "win32", "cpu": "arm64" }, "sha512-Z7NAtu/RN8kjCQ1y5oDD0nTAeRswh3GJ93qwcW51srmidP7XPBmZbLlwERu1W5veCevQJtPS9xmkpcDTYsGIwQ=="],

    "@oxfmt/binding-win32-ia32-msvc": ["@oxfmt/binding-win32-ia32-msvc@0.41.0", "", { "os": "win32", "cpu": "ia32" }, "sha512-uNxxP3l4bJ6VyzIeRqCmBU2Q0SkCFgIhvx9/9dJ9V8t/v+jP1IBsuaLwCXGR8JPHtkj4tFp+RHtUmU2ZYAUpMA=="],

    "@oxfmt/binding-win32-x64-msvc": ["@oxfmt/binding-win32-x64-msvc@0.41.0", "", { "os": "win32", "cpu": "x64" }, "sha512-49ZSpbZ1noozyPapE8SUOSm3IN0Ze4b5nkO+4+7fq6oEYQQJFhE0saj5k/Gg4oewVPdjn0L3ZFeWk2Vehjcw7A=="],

    "@oxlint/binding-android-arm-eabi": ["@oxlint/binding-android-arm-eabi@1.56.0", "", { "os": "android", "cpu": "arm" }, "sha512-IyfYPthZyiSKwAv/dLjeO18SaK8MxLI9Yss2JrRDyweQAkuL3LhEy7pwIwI7uA3KQc1Vdn20kdmj3q0oUIQL6A=="],

    "@oxlint/binding-android-arm64": ["@oxlint/binding-android-arm64@1.56.0", "", { "os": "android", "cpu": "arm64" }, "sha512-Ga5zYrzH6vc/VFxhn6MmyUnYEfy9vRpwTIks99mY3j6Nz30yYpIkWryI0QKPCgvGUtDSXVLEaMum5nA+WrNOSg=="],

    "@oxlint/binding-darwin-arm64": ["@oxlint/binding-darwin-arm64@1.56.0", "", { "os": "darwin", "cpu": "arm64" }, "sha512-ogmbdJysnw/D4bDcpf1sPLpFThZ48lYp4aKYm10Z/6Nh1SON6NtnNhTNOlhEY296tDFItsZUz+2tgcSYqh8Eyw=="],

    "@oxlint/binding-darwin-x64": ["@oxlint/binding-darwin-x64@1.56.0", "", { "os": "darwin", "cpu": "x64" }, "sha512-x8QE1h+RAtQ2g+3KPsP6Fk/tdz6zJQUv5c7fTrJxXV3GHOo+Ry5p/PsogU4U+iUZg0rj6hS+E4xi+mnwwlDCWQ=="],

    "@oxlint/binding-freebsd-x64": ["@oxlint/binding-freebsd-x64@1.56.0", "", { "os": "freebsd", "cpu": "x64" }, "sha512-6G+WMZvwJpMvY7my+/SHEjb7BTk/PFbePqLpmVmUJRIsJMy/UlyYqjpuh0RCgYYkPLcnXm1rUM04kbTk8yS1Yg=="],

    "@oxlint/binding-linux-arm-gnueabihf": ["@oxlint/binding-linux-arm-gnueabihf@1.56.0", "", { "os": "linux", "cpu": "arm" }, "sha512-YYHBsk/sl7fYwQOok+6W5lBPeUEvisznV/HZD2IfZmF3Bns6cPC3Z0vCtSEOaAWTjYWN3jVsdu55jMxKlsdlhg=="],

    "@oxlint/binding-linux-arm-musleabihf": ["@oxlint/binding-linux-arm-musleabihf@1.56.0", "", { "os": "linux", "cpu": "arm" }, "sha512-+AZK8rOUr78y8WT6XkDb04IbMRqauNV+vgT6f8ZLOH8wnpQ9i7Nol0XLxAu+Cq7Sb+J9wC0j6Km5hG8rj47/yQ=="],

    "@oxlint/binding-linux-arm64-gnu": ["@oxlint/binding-linux-arm64-gnu@1.56.0", "", { "os": "linux", "cpu": "arm64" }, "sha512-urse2SnugwJRojUkGSSeH2LPMaje5Q50yQtvtL9HFckiyeqXzoFwOAZqD5TR29R2lq7UHidfFDM9EGcchcbb8A=="],

    "@oxlint/binding-linux-arm64-musl": ["@oxlint/binding-linux-arm64-musl@1.56.0", "", { "os": "linux", "cpu": "arm64" }, "sha512-rkTZkBfJ4TYLjansjSzL6mgZOdN5IvUnSq3oNJSLwBcNvy3dlgQtpHPrRxrCEbbcp7oQ6If0tkNaqfOsphYZ9g=="],

    "@oxlint/binding-linux-ppc64-gnu": ["@oxlint/binding-linux-ppc64-gnu@1.56.0", "", { "os": "linux", "cpu": "ppc64" }, "sha512-uqL1kMH3u69/e1CH2EJhP3CP28jw2ExLsku4o8RVAZ7fySo9zOyI2fy9pVlTAp4voBLVgzndXi3SgtdyCTa2aA=="],

    "@oxlint/binding-linux-riscv64-gnu": ["@oxlint/binding-linux-riscv64-gnu@1.56.0", "", { "os": "linux", "cpu": "none" }, "sha512-j0CcMBOgV6KsRaBdsebIeiy7hCjEvq2KdEsiULf2LZqAq0v1M1lWjelhCV57LxsqaIGChXFuFJ0RiFrSRHPhSg=="],

    "@oxlint/binding-linux-riscv64-musl": ["@oxlint/binding-linux-riscv64-musl@1.56.0", "", { "os": "linux", "cpu": "none" }, "sha512-7VDOiL8cDG3DQ/CY3yKjbV1c4YPvc4vH8qW09Vv+5ukq3l/Kcyr6XGCd5NvxUmxqDb2vjMpM+eW/4JrEEsUetA=="],

    "@oxlint/binding-linux-s390x-gnu": ["@oxlint/binding-linux-s390x-gnu@1.56.0", "", { "os": "linux", "cpu": "s390x" }, "sha512-JGRpX0M+ikD3WpwJ7vKcHKV6Kg0dT52BW2Eu2BupXotYeqGXBrbY+QPkAyKO6MNgKozyTNaRh3r7g+VWgyAQYQ=="],

    "@oxlint/binding-linux-x64-gnu": ["@oxlint/binding-linux-x64-gnu@1.56.0", "", { "os": "linux", "cpu": "x64" }, "sha512-dNaICPvtmuxFP/VbqdofrLqdS3bM/AKJN3LMJD52si44ea7Be1cBk6NpfIahaysG9Uo+L98QKddU9CD5L8UHnQ=="],

    "@oxlint/binding-linux-x64-musl": ["@oxlint/binding-linux-x64-musl@1.56.0", "", { "os": "linux", "cpu": "x64" }, "sha512-pF1vOtM+GuXmbklM1hV8WMsn6tCNPvkUzklj/Ej98JhlanbmA2RB1BILgOpwSuCTRTIYx2MXssmEyQQ90QF5aA=="],

    "@oxlint/binding-openharmony-arm64": ["@oxlint/binding-openharmony-arm64@1.56.0", "", { "os": "none", "cpu": "arm64" }, "sha512-bp8NQ4RE6fDIFLa4bdBiOA+TAvkNkg+rslR+AvvjlLTYXLy9/uKAYLQudaQouWihLD/hgkrXIKKzXi5IXOewwg=="],

    "@oxlint/binding-win32-arm64-msvc": ["@oxlint/binding-win32-arm64-msvc@1.56.0", "", { "os": "win32", "cpu": "arm64" }, "sha512-PxT4OJDfMOQBzo3OlzFb9gkoSD+n8qSBxyVq2wQSZIHFQYGEqIRTo9M0ZStvZm5fdhMqaVYpOnJvH2hUMEDk/g=="],

    "@oxlint/binding-win32-ia32-msvc": ["@oxlint/binding-win32-ia32-msvc@1.56.0", "", { "os": "win32", "cpu": "ia32" }, "sha512-PTRy6sIEPqy2x8PTP1baBNReN/BNEFmde0L+mYeHmjXE1Vlcc9+I5nsqENsB2yAm5wLkzPoTNCMY/7AnabT4/A=="],

    "@oxlint/binding-win32-x64-msvc": ["@oxlint/binding-win32-x64-msvc@1.56.0", "", { "os": "win32", "cpu": "x64" }, "sha512-ZHa0clocjLmIDr+1LwoWtxRcoYniAvERotvwKUYKhH41NVfl0Y4LNbyQkwMZzwDvKklKGvGZ5+DAG58/Ik47tQ=="],

    "@trpc/client": ["@trpc/client@11.13.4", "", { "peerDependencies": { "@trpc/server": "11.13.4", "typescript": ">=5.7.2" } }, "sha512-AOM7u2blAjjpAzEyDXm4bk8f1HML0sFLuSXPsqZHQX3XCIVo7+mlArEAGMbwEtTwW8hUocI0i3/9tVYUF4Nu0g=="],

    "@trpc/server": ["@trpc/server@11.13.4", "", { "peerDependencies": { "typescript": ">=5.7.2" } }, "sha512-SZmLwi43KSp1D3jp2aPuzqhC644gIy87hgFuD9xWCTwFspH9Pr5DO2/JmpWjCqybTG2fTuKYzxFYLUGjTY5LGg=="],

    "@turbo/darwin-64": ["@turbo/darwin-64@2.8.20", "", { "os": "darwin", "cpu": "x64" }, "sha512-FQ9EX1xMU5nbwjxXxM3yU88AQQ6Sqc6S44exPRroMcx9XZHqqppl5ymJF0Ig/z3nvQNwDmz1Gsnvxubo+nXWjQ=="],

    "@turbo/darwin-arm64": ["@turbo/darwin-arm64@2.8.20", "", { "os": "darwin", "cpu": "arm64" }, "sha512-Gpyh9ATFGThD6/s9L95YWY54cizg/VRWl2B67h0yofG8BpHf67DFAh9nuJVKG7bY0+SBJDAo5cMur+wOl9YOYw=="],

    "@turbo/linux-64": ["@turbo/linux-64@2.8.20", "", { "os": "linux", "cpu": "x64" }, "sha512-p2QxWUYyYUgUFG0b0kR+pPi8t7c9uaVlRtjTTI1AbCvVqkpjUfCcReBn6DgG/Hu8xrWdKLuyQFaLYFzQskZbcA=="],

    "@turbo/linux-arm64": ["@turbo/linux-arm64@2.8.20", "", { "os": "linux", "cpu": "arm64" }, "sha512-Gn5yjlZGLRZWarLWqdQzv0wMqyBNIdq1QLi48F1oY5Lo9kiohuf7BPQWtWxeNVS2NgJ1+nb/DzK1JduYC4AWOA=="],

    "@turbo/windows-64": ["@turbo/windows-64@2.8.20", "", { "os": "win32", "cpu": "x64" }, "sha512-vyaDpYk/8T6Qz5V/X+ihKvKFEZFUoC0oxYpC1sZanK6gaESJlmV3cMRT3Qhcg4D2VxvtC2Jjs9IRkrZGL+exLw=="],

    "@turbo/windows-arm64": ["@turbo/windows-arm64@2.8.20", "", { "os": "win32", "cpu": "arm64" }, "sha512-voicVULvUV5yaGXo0Iue13BcHGYW3u0VgqSbfQwBaHbpj1zLjYV4KIe+7fYIo6DO8FVUJzxFps3ODCQG/Wy2Qw=="],

    "@types/bun": ["@types/bun@1.3.11", "", { "dependencies": { "bun-types": "1.3.11" } }, "sha512-5vPne5QvtpjGpsGYXiFyycfpDF2ECyPcTSsFBMa0fraoxiQyMJ3SmuQIGhzPg2WJuWxVBoxWJ2kClYTcw/4fAg=="],

    "@types/ndarray": ["@types/ndarray@1.0.14", "", {}, "sha512-oANmFZMnFQvb219SSBIhI1Ih/r4CvHDOzkWyJS/XRqkMrGH5/kaPSA1hQhdIBzouaE+5KpE/f5ylI9cujmckQg=="],

    "@types/node": ["@types/node@25.5.0", "", { "dependencies": { "undici-types": "~7.18.0" } }, "sha512-jp2P3tQMSxWugkCUKLRPVUpGaL5MVFwF8RDuSRztfwgN1wmqJeMSbKlnEtQqU8UrhTmzEmZdu2I6v2dpp7XIxw=="],

    "@types/qr-image": ["@types/qr-image@3.2.10", "", { "dependencies": { "@types/node": "*" } }, "sha512-W3vXnucAZxoMkaTReyxkwduVi8EbBPUc+HrCsahfu+wXaSKGoG3A9Vs/ivvouEJyJvPaSJGBC7i1QUP2n8kD8w=="],

    "@types/react": ["@types/react@19.2.14", "", { "dependencies": { "csstype": "^3.2.2" } }, "sha512-ilcTH/UniCkMdtexkoCN0bI7pMcJDvmQFPvuPvmEaYA/NSfFTAgdUSLAoVjaRJm7+6PvcM+q1zYOwS4wTYMF9w=="],

    "@types/react-dom": ["@types/react-dom@19.2.3", "", { "peerDependencies": { "@types/react": "^19.2.0" } }, "sha512-jp2L/eY6fn+KgVVQAOqYItbF0VY/YApe5Mz2F0aykSO8gx31bYCZyvSeYxCHKvzHG5eZjc+zyaS5BrBWya2+kQ=="],

    "@types/w3c-web-usb": ["@types/w3c-web-usb@1.0.13", "", {}, "sha512-N2nSl3Xsx8mRHZBvMSdNGtzMyeleTvtlEw+ujujgXalPqOjIA6UtrqcB6OzyUjkTbDm3J7P1RNK1lgoO7jxtsw=="],

    "ajv": ["ajv@6.14.0", "", { "dependencies": { "fast-deep-equal": "^3.1.1", "fast-json-stable-stringify": "^2.0.0", "json-schema-traverse": "^0.4.1", "uri-js": "^4.2.2" } }, "sha512-IWrosm/yrn43eiKqkfkHis7QioDleaXQHdDVPKg0FSwwd/DuvyX79TZnFOnYpB7dcsFAMmtFztZuXPDvSePkFw=="],

    "api": ["api@workspace:apps/api"],

    "asn1": ["asn1@0.2.6", "", { "dependencies": { "safer-buffer": "~2.1.0" } }, "sha512-ix/FxPn0MDjeyJ7i/yoHGFt/EX6LyNbxSEhPPXODPL+KB0VPk86UYfL0lMdy+KCnv+fmvIzySwaK5COwqVbWTQ=="],

    "assert-plus": ["assert-plus@1.0.0", "", {}, "sha512-NfJ4UzBCcQGLDlQq7nHxH+tv3kyZ0hHQqF5BO6J7tNJeP5do1llPr8dZ8zHonfhAu0PHAdMkSo+8o0wxg9lZWw=="],

    "asynckit": ["asynckit@0.4.0", "", {}, "sha512-Oei9OH4tRh0YqU3GxhX79dM/mwVgvbZJaSNaRk+bshkj0S5cfHcgYakreBjrHwatXKbz+IoIdYLxrKim2MjW0Q=="],

    "aws-sign2": ["aws-sign2@0.7.0", "", {}, "sha512-08kcGqnYf/YmjoRhfxyu+CLxBjUtHLXLXX/vUfx9l2LYzG3c1m61nrpyFUZI6zeS+Li/wWMMidD9KgrqtGq3mA=="],

    "aws4": ["aws4@1.13.2", "", {}, "sha512-lHe62zvbTB5eEABUVi/AwVh0ZKY9rMMDhmm+eeyuuUQbQ3+J+fONVQOZyj+DdrvD4BY33uYniyRJ4UJIaSKAfw=="],

    "bcrypt-pbkdf": ["bcrypt-pbkdf@1.0.2", "", { "dependencies": { "tweetnacl": "^0.14.3" } }, "sha512-qeFIXtP4MSoi6NLqO12WfqARWWuCKi2Rn/9hJLEmtB5yTNr9DqFWkJRCf2qShWzPeAMRnOgCrq0sg/KLv5ES9w=="],

    "bun": ["bun@1.3.11", "", { "optionalDependencies": { "@oven/bun-darwin-aarch64": "1.3.11", "@oven/bun-darwin-x64": "1.3.11", "@oven/bun-darwin-x64-baseline": "1.3.11", "@oven/bun-linux-aarch64": "1.3.11", "@oven/bun-linux-aarch64-musl": "1.3.11", "@oven/bun-linux-x64": "1.3.11", "@oven/bun-linux-x64-baseline": "1.3.11", "@oven/bun-linux-x64-musl": "1.3.11", "@oven/bun-linux-x64-musl-baseline": "1.3.11", "@oven/bun-windows-aarch64": "1.3.11", "@oven/bun-windows-x64": "1.3.11", "@oven/bun-windows-x64-baseline": "1.3.11" }, "os": [ "linux", "win32", "darwin", ], "cpu": [ "x64", "arm64", ], "bin": { "bun": "bin/bun.exe", "bunx": "bin/bunx.exe" } }, "sha512-AvXWYFO6j/ZQ7bhGm4X6eilq2JHsDVC90ZM32k2B7/srhC2gs3Sdki1QTbwrdRCo8o7eT+167vcB1yzOvPdbjA=="],

    "bun-plugin-tailwind": ["bun-plugin-tailwind@0.1.2", "", { "peerDependencies": { "bun": ">=1.0.0" } }, "sha512-41jNC1tZRSK3s1o7pTNrLuQG8kL/0vR/JgiTmZAJ1eHwe0w5j6HFPKeqEk0WAD13jfrUC7+ULuewFBBCoADPpg=="],

    "bun-types": ["bun-types@1.3.11", "", { "dependencies": { "@types/node": "*" } }, "sha512-1KGPpoxQWl9f6wcZh57LvrPIInQMn2TQ7jsgxqpRzg+l0QPOFvJVH7HmvHo/AiPgwXy+/Thf6Ov3EdVn1vOabg=="],

    "caseless": ["caseless@0.12.0", "", {}, "sha512-4tYFyifaFfGacoiObjJegolkwSU4xQNGbVgUiNYVUxbQ2x2lUsFvY4hVgVzGiIe6WLOPqycWXA40l+PWsxthUw=="],

    "combined-stream": ["combined-stream@1.0.8", "", { "dependencies": { "delayed-stream": "~1.0.0" } }, "sha512-FQN4MRfuJeHf7cBbBMJFXhKSDq+2kAArBlmRBvcvFE5BB1HZKXtSFASDhdlz9zOYwxh8lDdnvmMOe/+5cdoEdg=="],

    "core-util-is": ["core-util-is@1.0.2", "", {}, "sha512-3lqz5YjWTYnW6dlDa5TLaTCcShfar1e40rmcJVwCBJC6mWlFuj0eCHIElmG1g5kyuJ/GD+8Wn4FFCcz4gJPfaQ=="],

    "csstype": ["csstype@3.2.3", "", {}, "sha512-z1HGKcYy2xA8AGQfwrn0PAy+PB7X/GSj3UVJW9qKyn43xWa+gl5nXmU4qqLMRzWVLFC8KusUX8T/0kCiOYpAIQ=="],

    "cwise-compiler": ["cwise-compiler@1.1.3", "", { "dependencies": { "uniq": "^1.0.0" } }, "sha512-WXlK/m+Di8DMMcCjcWr4i+XzcQra9eCdXIJrgh4TUgh0pIS/yJduLxS9JgefsHJ/YVLdgPtXm9r62W92MvanEQ=="],

    "dashdash": ["dashdash@1.14.1", "", { "dependencies": { "assert-plus": "^1.0.0" } }, "sha512-jRFi8UDGo6j+odZiEpjazZaWqEal3w/basFjQHQEwVtZJGDpxbH1MeYluwCS8Xq5wmLJooDlMgvVarmWfGM44g=="],

    "data-uri-to-buffer": ["data-uri-to-buffer@0.0.3", "", {}, "sha512-Cp+jOa8QJef5nXS5hU7M1DWzXPEIoVR3kbV0dQuVGwROZg8bGf1DcCnkmajBTnvghTtSNMUdRrPjgaT6ZQucbw=="],

    "delayed-stream": ["delayed-stream@1.0.0", "", {}, "sha512-ZySD7Nf91aLB0RxL4KGrKHBXl7Eds1DAmEdcoVawXnLD7SDhpNgtuII2aAkg7a7QS41jxPSZ17p4VdGnMHk3MQ=="],

    "ecc-jsbn": ["ecc-jsbn@0.1.2", "", { "dependencies": { "jsbn": "~0.1.0", "safer-buffer": "^2.1.0" } }, "sha512-eh9O+hwRHNbG4BLTjEl3nw044CkGm5X6LoaCf7LPp7UU8Qrt47JYNi6nPX8xjW97TKGKm1ouctg0QSpZe9qrnw=="],

    "eventemitter3": ["eventemitter3@4.0.7", "", {}, "sha512-8guHBZCwKnFhYdHr2ysuRWErTwhoN2X8XELRlrRwpmfeY2jjuUN4taQMsULKUVo1K4DvZl+0pgfyoysHxvmvEw=="],

    "extend": ["extend@3.0.2", "", {}, "sha512-fjquC59cD7CyW6urNXK0FBufkZcoiGG80wTuPujX590cB5Ttln20E2UB4S/WARVqhXffZl2LNgS+gQdPIIim/g=="],

    "extsprintf": ["extsprintf@1.3.0", "", {}, "sha512-11Ndz7Nv+mvAC1j0ktTa7fAb0vLyGGX+rMHNBYQviQDGU0Hw7lhctJANqbPhu9nV9/izT/IntTgZ7Im/9LJs9g=="],

    "fast-deep-equal": ["fast-deep-equal@3.1.3", "", {}, "sha512-f3qQ9oQy9j2AhBe/H9VC91wLmKBCCU/gDOnKNAYG5hswO7BLKj09Hc5HYNz9cGI++xlpDCIgDaitVs03ATR84Q=="],

    "fast-json-stable-stringify": ["fast-json-stable-stringify@2.1.0", "", {}, "sha512-lhd/wF+Lk98HZoTCtlVraHtfh5XYijIjalXck7saUtuanSDyLMxnHhSXEDJqHxD7msR8D0uCmqlkwjCV8xvwHw=="],

    "forever-agent": ["forever-agent@0.6.1", "", {}, "sha512-j0KLYPhm6zeac4lz3oJ3o65qvgQCcPubiyotZrXqEaG4hNagNYO8qdlUrX5vwqv9ohqeT/Z3j6+yW067yWWdUw=="],

    "form-data": ["form-data@2.3.3", "", { "dependencies": { "asynckit": "^0.4.0", "combined-stream": "^1.0.6", "mime-types": "^2.1.12" } }, "sha512-1lLKB2Mu3aGP1Q/2eCOx0fNbRMe7XdwktwOruhfqqd0rIJWwN4Dh+E3hrPSlDCXnSR7UtZ1N38rVXm+6+MEhJQ=="],

    "get-pixels": ["get-pixels@3.3.3", "", { "dependencies": { "data-uri-to-buffer": "0.0.3", "jpeg-js": "^0.4.1", "mime-types": "^2.0.1", "ndarray": "^1.0.13", "ndarray-pack": "^1.1.1", "node-bitmap": "0.0.1", "omggif": "^1.0.5", "parse-data-uri": "^0.2.0", "pngjs": "^3.3.3", "request": "^2.44.0", "through": "^2.3.4" } }, "sha512-5kyGBn90i9tSMUVHTqkgCHsoWoR+/lGbl4yC83Gefyr0HLIhgSWEx/2F/3YgsZ7UpYNuM6pDhDK7zebrUJ5nXg=="],

    "getpass": ["getpass@0.1.7", "", { "dependencies": { "assert-plus": "^1.0.0" } }, "sha512-0fzj9JxOLfJ+XGLhR8ze3unN0KZCgZwiSSDz168VERjK8Wl8kVSdcu2kspd4s4wtAa1y/qrVRiAA0WclVsu0ng=="],

    "har-schema": ["har-schema@2.0.0", "", {}, "sha512-Oqluz6zhGX8cyRaTQlFMPw80bSJVG2x/cFb8ZPhUILGgHka9SsokCCOQgpveePerqidZOrT14ipqfJb7ILcW5Q=="],

    "har-validator": ["har-validator@5.1.5", "", { "dependencies": { "ajv": "^6.12.3", "har-schema": "^2.0.0" } }, "sha512-nmT2T0lljbxdQZfspsno9hgrG3Uir6Ks5afism62poxqBM6sDnMEuPmzTq8XN0OEwqKLLdh1jQI3qyE66Nzb3w=="],

    "http-signature": ["http-signature@1.2.0", "", { "dependencies": { "assert-plus": "^1.0.0", "jsprim": "^1.2.2", "sshpk": "^1.7.0" } }, "sha512-CAbnr6Rz4CYQkLYUtSNXxQPUH2gK8f3iWexVlsnMeD+GjlsQ0Xsy1cOX+mN3dtxYomRy21CiOzU8Uhw6OwncEQ=="],

    "iconv-lite": ["iconv-lite@0.7.2", "", { "dependencies": { "safer-buffer": ">= 2.1.2 < 3.0.0" } }, "sha512-im9DjEDQ55s9fL4EYzOAv0yMqmMBSZp6G0VvFyTMPKWxiSBHUj9NW/qqLmXUwXrrM7AvqSlTCfvqRb0cM8yYqw=="],

    "iota-array": ["iota-array@1.0.0", "", {}, "sha512-pZ2xT+LOHckCatGQ3DcG/a+QuEqvoxqkiL7tvE8nn3uuu+f6i1TtpB5/FtWFbxUuVr5PZCx8KskuGatbJDXOWA=="],

    "is-buffer": ["is-buffer@1.1.6", "", {}, "sha512-NcdALwpXkTm5Zvvbk7owOUSvVvBKDgKP5/ewfXEznmQFfs4ZRmanOeKBTjRVjka3QFoN6XJ+9F3USqfHqTaU5w=="],

    "is-typedarray": ["is-typedarray@1.0.0", "", {}, "sha512-cyA56iCMHAh5CdzjJIa4aohJyeO1YbwLi3Jc35MmRU6poroFjIGZzUzupGiRPOjgHg9TLu43xbpwXk523fMxKA=="],

    "isstream": ["isstream@0.1.2", "", {}, "sha512-Yljz7ffyPbrLpLngrMtZ7NduUgVvi6wG9RJ9IUcyCd59YQ911PBJphODUcbOVbqYfxe1wuYf/LJ8PauMRwsM/g=="],

    "jpeg-js": ["jpeg-js@0.4.4", "", {}, "sha512-WZzeDOEtTOBK4Mdsar0IqEU5sMr3vSV2RqkAIzUEV2BHnUfKGyswWFPFwK5EeDo93K3FohSHbLAjj0s1Wzd+dg=="],

    "jsbn": ["jsbn@0.1.1", "", {}, "sha512-UVU9dibq2JcFWxQPA6KCqj5O42VOmAY3zQUfEKxU0KpTGXwNoCjkX1e13eHNvw/xPynt6pU0rZ1htjWTNTSXsg=="],

    "json-schema": ["json-schema@0.4.0", "", {}, "sha512-es94M3nTIfsEPisRafak+HDLfHXnKBhV3vU5eqPcS3flIWqcxJWgXHXiey3YrpaNsanY5ei1VoYEbOzijuq9BA=="],

    "json-schema-traverse": ["json-schema-traverse@0.4.1", "", {}, "sha512-xbbCH5dCYU5T8LcEhhuh7HJ88HXuW3qsI3Y0zOZFKfZEHcpWiHU/Jxzk629Brsab/mMiHQti9wMP+845RPe3Vg=="],

    "json-stringify-safe": ["json-stringify-safe@5.0.1", "", {}, "sha512-ZClg6AaYvamvYEE82d3Iyd3vSSIjQ+odgjaTzRuO3s7toCdFKczob2i0zCh7JE8kWn17yvAWhUVxvqGwUalsRA=="],

    "jsprim": ["jsprim@1.4.2", "", { "dependencies": { "assert-plus": "1.0.0", "extsprintf": "1.3.0", "json-schema": "0.4.0", "verror": "1.10.0" } }, "sha512-P2bSOMAc/ciLz6DzgjVlGJP9+BrJWu5UDGK70C2iweC5QBIeFf0ZXRvGjEj2uYgrY2MkAAhsSWHDWlFtEroZWw=="],

    "mime-db": ["mime-db@1.52.0", "", {}, "sha512-sPU4uV7dYlvtWJxwwxHD0PuihVNiE7TyAbQ5SWxDCB9mUYvOgroQOwYQQOKPJ8CIbE+1ETVlOoK1UC2nU3gYvg=="],

    "mime-types": ["mime-types@2.1.35", "", { "dependencies": { "mime-db": "1.52.0" } }, "sha512-ZDY+bPm5zTTF+YpCrAU9nK0UgICYPT0QtT1NZWFv4s++TNkcgVaT0g6+4R2uI4MjQjzysHB1zxuWL50hzaeXiw=="],

    "mutable-buffer": ["mutable-buffer@2.2.5", "", { "dependencies": { "tslib": "^2.0.1" } }, "sha512-7tcqEsTLRnxYzE57Gd0GrR/fBdD0SWd4nz4d3FPVgA3Xc6GWgrEFh2NCGZNVsHfAZQG+R09c04w03l/D3jN0dQ=="],

    "ndarray": ["ndarray@1.0.19", "", { "dependencies": { "iota-array": "^1.0.0", "is-buffer": "^1.0.2" } }, "sha512-B4JHA4vdyZU30ELBw3g7/p9bZupyew5a7tX1Y/gGeF2hafrPaQZhgrGQfsvgfYbgdFZjYwuEcnaobeM/WMW+HQ=="],

    "ndarray-pack": ["ndarray-pack@1.2.1", "", { "dependencies": { "cwise-compiler": "^1.1.2", "ndarray": "^1.0.13" } }, "sha512-51cECUJMT0rUZNQa09EoKsnFeDL4x2dHRT0VR5U2H5ZgEcm95ZDWcMA5JShroXjHOejmAD/fg8+H+OvUnVXz2g=="],

    "node-addon-api": ["node-addon-api@8.6.0", "", {}, "sha512-gBVjCaqDlRUk0EwoPNKzIr9KkS9041G/q31IBShPs1Xz6UTA+EXdZADbzqAJQrpDRq71CIMnOP5VMut3SL0z5Q=="],

    "node-bitmap": ["node-bitmap@0.0.1", "", {}, "sha512-Jx5lPaaLdIaOsj2mVLWMWulXF6GQVdyLvNSxmiYCvZ8Ma2hfKX0POoR2kgKOqz+oFsRreq0yYZjQ2wjE9VNzCA=="],

    "node-gyp-build": ["node-gyp-build@4.8.4", "", { "bin": { "node-gyp-build": "bin.js", "node-gyp-build-optional": "optional.js", "node-gyp-build-test": "build-test.js" } }, "sha512-LA4ZjwlnUblHVgq0oBF3Jl/6h/Nvs5fzBLwdEF4nuxnFdsfajde4WfxtJr3CaiH+F6ewcIB/q4jQ4UzPyid+CQ=="],

    "oauth-sign": ["oauth-sign@0.9.0", "", {}, "sha512-fexhUFFPTGV8ybAtSIGbV6gOkSv8UtRbDBnAyLQw4QPKkgNlsH2ByPGtMUqdWkos6YCRmAqViwgZrJc/mRDzZQ=="],

    "omggif": ["omggif@1.0.10", "", {}, "sha512-LMJTtvgc/nugXj0Vcrrs68Mn2D1r0zf630VNtqtpI1FEO7e+O9FP4gqs9AcnBaSEeoHIPm28u6qgPR0oyEpGSw=="],

    "oxfmt": ["oxfmt@0.41.0", "", { "dependencies": { "tinypool": "2.1.0" }, "optionalDependencies": { "@oxfmt/binding-android-arm-eabi": "0.41.0", "@oxfmt/binding-android-arm64": "0.41.0", "@oxfmt/binding-darwin-arm64": "0.41.0", "@oxfmt/binding-darwin-x64": "0.41.0", "@oxfmt/binding-freebsd-x64": "0.41.0", "@oxfmt/binding-linux-arm-gnueabihf": "0.41.0", "@oxfmt/binding-linux-arm-musleabihf": "0.41.0", "@oxfmt/binding-linux-arm64-gnu": "0.41.0", "@oxfmt/binding-linux-arm64-musl": "0.41.0", "@oxfmt/binding-linux-ppc64-gnu": "0.41.0", "@oxfmt/binding-linux-riscv64-gnu": "0.41.0", "@oxfmt/binding-linux-riscv64-musl": "0.41.0", "@oxfmt/binding-linux-s390x-gnu": "0.41.0", "@oxfmt/binding-linux-x64-gnu": "0.41.0", "@oxfmt/binding-linux-x64-musl": "0.41.0", "@oxfmt/binding-openharmony-arm64": "0.41.0", "@oxfmt/binding-win32-arm64-msvc": "0.41.0", "@oxfmt/binding-win32-ia32-msvc": "0.41.0", "@oxfmt/binding-win32-x64-msvc": "0.41.0" }, "bin": { "oxfmt": "bin/oxfmt" } }, "sha512-sKLdJZdQ3bw6x9qKiT7+eID4MNEXlDHf5ZacfIircrq6Qwjk0L6t2/JQlZZrVHTXJawK3KaMuBoJnEJPcqCEdg=="],

    "oxlint": ["oxlint@1.56.0", "", { "optionalDependencies": { "@oxlint/binding-android-arm-eabi": "1.56.0", "@oxlint/binding-android-arm64": "1.56.0", "@oxlint/binding-darwin-arm64": "1.56.0", "@oxlint/binding-darwin-x64": "1.56.0", "@oxlint/binding-freebsd-x64": "1.56.0", "@oxlint/binding-linux-arm-gnueabihf": "1.56.0", "@oxlint/binding-linux-arm-musleabihf": "1.56.0", "@oxlint/binding-linux-arm64-gnu": "1.56.0", "@oxlint/binding-linux-arm64-musl": "1.56.0", "@oxlint/binding-linux-ppc64-gnu": "1.56.0", "@oxlint/binding-linux-riscv64-gnu": "1.56.0", "@oxlint/binding-linux-riscv64-musl": "1.56.0", "@oxlint/binding-linux-s390x-gnu": "1.56.0", "@oxlint/binding-linux-x64-gnu": "1.56.0", "@oxlint/binding-linux-x64-musl": "1.56.0", "@oxlint/binding-openharmony-arm64": "1.56.0", "@oxlint/binding-win32-arm64-msvc": "1.56.0", "@oxlint/binding-win32-ia32-msvc": "1.56.0", "@oxlint/binding-win32-x64-msvc": "1.56.0" }, "peerDependencies": { "oxlint-tsgolint": ">=0.15.0" }, "optionalPeers": ["oxlint-tsgolint"], "bin": { "oxlint": "bin/oxlint" } }, "sha512-Q+5Mj5PVaH/R6/fhMMFzw4dT+KPB+kQW4kaL8FOIq7tfhlnEVp6+3lcWqFruuTNlUo9srZUW3qH7Id4pskeR6g=="],

    "parse-data-uri": ["parse-data-uri@0.2.0", "", { "dependencies": { "data-uri-to-buffer": "0.0.3" } }, "sha512-uOtts8NqDcaCt1rIsO3VFDRsAfgE4c6osG4d9z3l4dCBlxYFzni6Di/oNU270SDrjkfZuUvLZx1rxMyqh46Y9w=="],

    "performance-now": ["performance-now@2.1.0", "", {}, "sha512-7EAHlyLHI56VEIdK57uwHdHKIaAGbnXPiw0yWbarQZOKaKpvUIgW0jWRVLiatnM+XXlSwsanIBH/hzGMJulMow=="],

    "pngjs": ["pngjs@3.4.0", "", {}, "sha512-NCrCHhWmnQklfH4MtJMRjZ2a8c80qXeMlQMv2uVp9ISJMTt562SbGd6n2oq0PaPgKm7Z6pL9E2UlLIhC+SHL3w=="],

    "prettier": ["prettier@3.7.4", "", { "bin": { "prettier": "bin/prettier.cjs" } }, "sha512-v6UNi1+3hSlVvv8fSaoUbggEM5VErKmmpGA7Pl3HF8V6uKY7rvClBOJlH6yNwQtfTueNkGVpOv/mtWL9L4bgRA=="],

    "psl": ["psl@1.15.0", "", { "dependencies": { "punycode": "^2.3.1" } }, "sha512-JZd3gMVBAVQkSs6HdNZo9Sdo0LNcQeMNP3CozBJb3JYC/QUYZTnKxP+f8oWRX4rHP5EurWxqAHTSwUCjlNKa1w=="],

    "punycode": ["punycode@2.3.1", "", {}, "sha512-vYt7UD1U9Wg6138shLtLOvdAu+8DsC/ilFtEVHcH+wydcSpNE20AfSOduf6MkRFahL5FY7X1oU7nKVZFtfq8Fg=="],

    "qr-image": ["qr-image@3.2.0", "", {}, "sha512-rXKDS5Sx3YipVsqmlMJsJsk6jXylEpiHRC2+nJy66fxA5ExYyGa4PqwteW69SaVmAb2OQ18HbYriT7cGQMbduw=="],

    "qs": ["qs@6.5.5", "", {}, "sha512-mzR4sElr1bfCaPJe7m8ilJ6ZXdDaGoObcYR0ZHSsktM/Lt21MVHj5De30GQH2eiZ1qGRTO7LCAzQsUeXTNexWQ=="],

    "react": ["react@19.2.4", "", {}, "sha512-9nfp2hYpCwOjAN+8TZFGhtWEwgvWHXqESH8qT89AT/lWklpLON22Lc8pEtnpsZz7VmawabSU0gCjnj8aC0euHQ=="],

    "react-dom": ["react-dom@19.2.4", "", { "dependencies": { "scheduler": "^0.27.0" }, "peerDependencies": { "react": "^19.2.4" } }, "sha512-AXJdLo8kgMbimY95O2aKQqsz2iWi9jMgKJhRBAxECE4IFxfcazB2LmzloIoibJI3C12IlY20+KFaLv+71bUJeQ=="],

    "request": ["request@2.88.2", "", { "dependencies": { "aws-sign2": "~0.7.0", "aws4": "^1.8.0", "caseless": "~0.12.0", "combined-stream": "~1.0.6", "extend": "~3.0.2", "forever-agent": "~0.6.1", "form-data": "~2.3.2", "har-validator": "~5.1.3", "http-signature": "~1.2.0", "is-typedarray": "~1.0.0", "isstream": "~0.1.2", "json-stringify-safe": "~5.0.1", "mime-types": "~2.1.19", "oauth-sign": "~0.9.0", "performance-now": "^2.1.0", "qs": "~6.5.2", "safe-buffer": "^5.1.2", "tough-cookie": "~2.5.0", "tunnel-agent": "^0.6.0", "uuid": "^3.3.2" } }, "sha512-MsvtOrfG9ZcrOwAW+Qi+F6HbD0CWXEh9ou77uOb7FM2WPhwT7smM833PzanhJLsgXjN89Ir6V2PczXNnMpwKhw=="],

    "safe-buffer": ["safe-buffer@5.2.1", "", {}, "sha512-rp3So07KcdmmKbGvgaNxQSJr7bGVSVk5S9Eq1F+ppbRo70+YeaDxkw5Dd8NPN+GD6bjnYm2VuPuCXmpuYvmCXQ=="],

    "safer-buffer": ["safer-buffer@2.1.2", "", {}, "sha512-YZo3K82SD7Riyi0E1EQPojLz7kpepnSQI9IyPbHHg1XXXevb5dJI7tpyN2ADxGcQbHG7vcyRHk0cbwqcQriUtg=="],

    "scheduler": ["scheduler@0.27.0", "", {}, "sha512-eNv+WrVbKu1f3vbYJT/xtiF5syA5HPIMtf9IgY/nKg0sWqzAUEvqY/xm7OcZc/qafLx/iO9FgOmeSAp4v5ti/Q=="],

    "sshpk": ["sshpk@1.18.0", "", { "dependencies": { "asn1": "~0.2.3", "assert-plus": "^1.0.0", "bcrypt-pbkdf": "^1.0.0", "dashdash": "^1.12.0", "ecc-jsbn": "~0.1.1", "getpass": "^0.1.1", "jsbn": "~0.1.0", "safer-buffer": "^2.0.2", "tweetnacl": "~0.14.0" }, "bin": { "sshpk-conv": "bin/sshpk-conv", "sshpk-sign": "bin/sshpk-sign", "sshpk-verify": "bin/sshpk-verify" } }, "sha512-2p2KJZTSqQ/I3+HX42EpYOa2l3f8Erv8MWKsy2I9uf4wA7yFIkXRffYdsx86y6z4vHtV8u7g+pPlr8/4ouAxsQ=="],

    "tailwindcss": ["tailwindcss@4.2.2", "", {}, "sha512-KWBIxs1Xb6NoLdMVqhbhgwZf2PGBpPEiwOqgI4pFIYbNTfBXiKYyWoTsXgBQ9WFg/OlhnvHaY+AEpW7wSmFo2Q=="],

    "through": ["through@2.3.8", "", {}, "sha512-w89qg7PI8wAdvX60bMDP+bFoD5Dvhm9oLheFp5O4a2QF0cSBGsBX4qZmadPMvVqlLJBBci+WqGGOAPvcDeNSVg=="],

    "tinypool": ["tinypool@2.1.0", "", {}, "sha512-Pugqs6M0m7Lv1I7FtxN4aoyToKg1C4tu+/381vH35y8oENM/Ai7f7C4StcoK4/+BSw9ebcS8jRiVrORFKCALLw=="],

    "tough-cookie": ["tough-cookie@2.5.0", "", { "dependencies": { "psl": "^1.1.28", "punycode": "^2.1.1" } }, "sha512-nlLsUzgm1kfLXSXfRZMc1KLAugd4hqJHDTvc2hDIwS3mZAfMEuMbc03SujMF+GEcpaX/qboeycw6iO8JwVv2+g=="],

    "tslib": ["tslib@2.8.1", "", {}, "sha512-oJFu94HQb+KVduSUQL7wnpmqnfmLsOA/nAh6b6EH0wCEoK0/mPeXU6c3wKDV83MkOuHPRHtSXKKU99IBazS/2w=="],

    "tunnel-agent": ["tunnel-agent@0.6.0", "", { "dependencies": { "safe-buffer": "^5.0.1" } }, "sha512-McnNiV1l8RYeY8tBgEpuodCC1mLUdbSN+CYBL7kJsJNInOP8UjDDEwdk6Mw60vdLLrr5NHKZhMAOSrR2NZuQ+w=="],

    "turbo": ["turbo@2.8.20", "", { "optionalDependencies": { "@turbo/darwin-64": "2.8.20", "@turbo/darwin-arm64": "2.8.20", "@turbo/linux-64": "2.8.20", "@turbo/linux-arm64": "2.8.20", "@turbo/windows-64": "2.8.20", "@turbo/windows-arm64": "2.8.20" }, "bin": { "turbo": "bin/turbo" } }, "sha512-Rb4qk5YT8RUwwdXtkLpkVhNEe/lor6+WV7S5tTlLpxSz6MjV5Qi8jGNn4gS6NAvrYGA/rNrE6YUQM85sCZUDbQ=="],

    "tweetnacl": ["tweetnacl@0.14.5", "", {}, "sha512-KXXFFdAbFXY4geFIwoyNK+f5Z1b7swfXABfL7HXCmoIWMKU3dmS26672A4EeQtDzLKy7SXmfBu51JolvEKwtGA=="],

    "typescript": ["typescript@5.9.2", "", { "bin": { "tsc": "bin/tsc", "tsserver": "bin/tsserver" } }, "sha512-CWBzXQrc/qOkhidw1OzBTQuYRbfyxDXJMVJ1XNwUHGROVmuaeiEm3OslpZ1RV96d7SKKjZKrSJu3+t/xlw3R9A=="],

    "undici-types": ["undici-types@7.18.2", "", {}, "sha512-AsuCzffGHJybSaRrmr5eHr81mwJU3kjw6M+uprWvCXiNeN9SOGwQ3Jn8jb8m3Z6izVgknn1R0FTCEAP2QrLY/w=="],

    "uniq": ["uniq@1.0.1", "", {}, "sha512-Gw+zz50YNKPDKXs+9d+aKAjVwpjNwqzvNpLigIruT4HA9lMZNdMqs9x07kKHB/L9WRzqp4+DlTU5s4wG2esdoA=="],

    "uri-js": ["uri-js@4.4.1", "", { "dependencies": { "punycode": "^2.1.0" } }, "sha512-7rKUyy33Q1yc98pQ1DAmLtwX109F7TIfWlW1Ydo8Wl1ii1SeHieeh0HHfPeL2fMXK6z0s8ecKs9frCuLJvndBg=="],

    "usb": ["usb@2.17.0", "", { "dependencies": { "@types/w3c-web-usb": "^1.0.6", "node-addon-api": "^8.0.0", "node-gyp-build": "^4.5.0" } }, "sha512-UuFgrlglgDn5ll6d5l7kl3nDb2Yx43qLUGcDq+7UNLZLtbNug0HZBb2Xodhgx2JZB1LqvU+dOGqLEeYUeZqsHg=="],

    "uuid": ["uuid@3.4.0", "", { "bin": { "uuid": "./bin/uuid" } }, "sha512-HjSDRw6gZE5JMggctHBcjVak08+KEVhSIiDzFnT9S9aegmp85S/bReBVTb4QTFaRNptJ9kuYaNhnbNEOkbKb/A=="],

    "verror": ["verror@1.10.0", "", { "dependencies": { "assert-plus": "^1.0.0", "core-util-is": "1.0.2", "extsprintf": "^1.2.0" } }, "sha512-ZZKSmDAEFOijERBLkmYfJ+vmk3w+7hOLYDNkRCuRuMJGEmqYNCNLyBBFwWKVMhfwaEF3WOd0Zlw86U/WC/+nYw=="],

    "web": ["web@workspace:apps/web"],
  }
}
